
Microsoft Visual Studio Solution File, Format Version 12.00
# Visual Studio Version 16
VisualStudioVersion = 16.0.28729.10
MinimumVisualStudioVersion = 10.0.40219.1
Project("{8BC9CEB8-8B4A-11D0-8D11-00A0C91BC942}") = "Mini3D", "Mini3D.vcxproj", "{433E9031-0101-4ADF-A6DA-283375FD1898}"
EndProject
Global
	GlobalSection(SolutionConfigurationPlatforms) = preSolution
		Debug|Win32 = Debug|Win32
		Release|Win32 = Release|Win32
	EndGlobalSection
	GlobalSection(ProjectConfigurationPlatforms) = postSolution
		{433E9031-0101-4ADF-A6DA-283375FD1898}.Debug|Win32.ActiveCfg = Debug|Win32
		{433E9031-0101-4ADF-A6DA-283375FD1898}.Debug|Win32.Build.0 = Debug|Win32
		{433E9031-0101-4ADF-A6DA-283375FD1898}.Release|Win32.ActiveCfg = Release|Win32
		{433E9031-0101-4ADF-A6DA-283375FD1898}.Release|Win32.Build.0 = Release|Win32
	EndGlobalSection
	GlobalSection(SolutionProperties) = preSolution
		HideSolutionNode = FALSE
	EndGlobalSection
	GlobalSection(ExtensibilityGlobals) = postSolution
		SolutionGuid = {F4DFD042-34DA-447D-B95E-583D89005F60}
	EndGlobalSection
EndGlobal
